// !$*UTF8*$!
{
	archiveVersion = 1;
	classes = {
	};
	objectVersion = 50;
	objects = {

/* Begin PBXBuildFile section */
		78511C9C237FAED600402104 /* AppDelegate.swift in Sources */ = {isa = PBXBuildFile; fileRef = 78511C9B237FAED600402104 /* AppDelegate.swift */; };
		78511C9E237FAED600402104 /* ViewController.swift in Sources */ = {isa = PBXBuildFile; fileRef = 78511C9D237FAED600402104 /* ViewController.swift */; };
		78511CA1237FAED600402104 /* Main.storyboard in Resources */ = {isa = PBXBuildFile; fileRef = 78511C9F237FAED600402104 /* Main.storyboard */; };
		78511CA3237FAEDC00402104 /* Assets.xcassets in Resources */ = {isa = PBXBuildFile; fileRef = 78511CA2237FAEDC00402104 /* Assets.xcassets */; };
		78511CA6237FAEDC00402104 /* LaunchScreen.storyboard in Resources */ = {isa = PBXBuildFile; fileRef = 78511CA4237FAEDC00402104 /* LaunchScreen.storyboard */; };
		78511CB1237FAEDD00402104 /* CubicWeightCalculatorTests.swift in Sources */ = {isa = PBXBuildFile; fileRef = 78511CB0237FAEDD00402104 /* CubicWeightCalculatorTests.swift */; };
		78511CBC237FAEDD00402104 /* CubicWeightCalculatorUITests.swift in Sources */ = {isa = PBXBuildFile; fileRef = 78511CBB237FAEDD00402104 /* CubicWeightCalculatorUITests.swift */; };
/* End PBXBuildFile section */

/* Begin PBXContainerItemProxy section */
		78511CAD237FAEDD00402104 /* PBXContainerItemProxy */ = {
			isa = PBXContainerItemProxy;
			containerPortal = 78511C90237FAED600402104 /* Project object */;
			proxyType = 1;
			remoteGlobalIDString = 78511C97237FAED600402104;
			remoteInfo = CubicWeightCalculator;
		};
		78511CB8237FAEDD00402104 /* PBXContainerItemProxy */ = {
			isa = PBXContainerItemProxy;
			containerPortal = 78511C90237FAED600402104 /* Project object */;
			proxyType = 1;
			remoteGlobalIDString = 78511C97237FAED600402104;
			remoteInfo = CubicWeightCalculator;
		};
/* End PBXContainerItemProxy section */

/* Begin PBXFileReference section */
		78511C98237FAED600402104 /* CubicWeightCalculator.app */ = {isa = PBXFileReference; explicitFileType = wrapper.application; includeInIndex = 0; path = CubicWeightCalculator.app; sourceTree = BUILT_PRODUCTS_DIR; };
		78511C9B237FAED600402104 /* AppDelegate.swift */ = {isa = PBXFileReference; lastKnownFileType = sourcecode.swift; path = AppDelegate.swift; sourceTree = "<group>"; };
		78511C9D237FAED600402104 /* ViewController.swift */ = {isa = PBXFileReference; lastKnownFileType = sourcecode.swift; path = ViewController.swift; sourceTree = "<group>"; };
		78511CA0237FAED600402104 /* Base */ = {isa = PBXFileReference; lastKnownFileType = file.storyboard; name = Base; path = Base.lproj/Main.storyboard; sourceTree = "<group>"; };
		78511CA2237FAEDC00402104 /* Assets.xcassets */ = {isa = PBXFileReference; lastKnownFileType = folder.assetcatalog; path = Assets.xcassets; sourceTree = "<group>"; };
		78511CA5237FAEDC00402104 /* Base */ = {isa = PBXFileReference; lastKnownFileType = file.storyboard; name = Base; path = Base.lproj/LaunchScreen.storyboard; sourceTree = "<group>"; };
		78511CA7237FAEDD00402104 /* Info.plist */ = {isa = PBXFileReference; lastKnownFileType = text.plist.xml; path = Info.plist; sourceTree = "<group>"; };
		78511CAC237FAEDD00402104 /* CubicWeightCalculatorTests.xctest */ = {isa = PBXFileReference; explicitFileType = wrapper.cfbundle; includeInIndex = 0; path = CubicWeightCalculatorTests.xctest; sourceTree = BUILT_PRODUCTS_DIR; };
		78511CB0237FAEDD00402104 /* CubicWeightCalculatorTests.swift */ = {isa = PBXFileReference; lastKnownFileType = sourcecode.swift; path = CubicWeightCalculatorTests.swift; sourceTree = "<group>"; };
		78511CB2237FAEDD00402104 /* Info.plist */ = {isa = PBXFileReference; lastKnownFileType = text.plist.xml; path = Info.plist; sourceTree = "<group>"; };
		78511CB7237FAEDD00402104 /* CubicWeightCalculatorUITests.xctest */ = {isa = PBXFileReference; explicitFileType = wrapper.cfbundle; includeInIndex = 0; path = CubicWeightCalculatorUITests.xctest; sourceTree = BUILT_PRODUCTS_DIR; };
		78511CBB237FAEDD00402104 /* CubicWeightCalculatorUITests.swift */ = {isa = PBXFileReference; lastKnownFileType = sourcecode.swift; path = CubicWeightCalculatorUITests.swift; sourceTree = "<group>"; };
		78511CBD237FAEDD00402104 /* Info.plist */ = {isa = PBXFileReference; lastKnownFileType = text.plist.xml; path = Info.plist; sourceTree = "<group>"; };
/* End PBXFileReference section */

/* Begin PBXFrameworksBuildPhase section */
		78511C95237FAED600402104 /* Frameworks */ = {
			isa = PBXFrameworksBuildPhase;
			buildActionMask = 2147483647;
			files = (
			);
			runOnlyForDeploymentPostprocessing = 0;
		};
		78511CA9237FAEDD00402104 /* Frameworks */ = {
			isa = PBXFrameworksBuildPhase;
			buildActionMask = 2147483647;
			files = (
			);
			runOnlyForDeploymentPostprocessing = 0;
		};
		78511CB4237FAEDD00402104 /* Frameworks */ = {
			isa = PBXFrameworksBuildPhase;
			buildActionMask = 2147483647;
			files = (
			);
			runOnlyForDeploymentPostprocessing = 0;
		};
/* End PBXFrameworksBuildPhase section */

/* Begin PBXGroup section */
		78511C8F237FAED600402104 = {
			isa = PBXGroup;
			children = (
				78511C9A237FAED600402104 /* CubicWeightCalculator */,
				78511CAF237FAEDD00402104 /* CubicWeightCalculatorTests */,
				78511CBA237FAEDD00402104 /* CubicWeightCalculatorUITests */,
				78511C99237FAED600402104 /* Products */,
			);
			sourceTree = "<group>";
		};
		78511C99237FAED600402104 /* Products */ = {
			isa = PBXGroup;
			children = (
				78511C98237FAED600402104 /* CubicWeightCalculator.app */,
				78511CAC237FAEDD00402104 /* CubicWeightCalculatorTests.xctest */,
				78511CB7237FAEDD00402104 /* CubicWeightCalculatorUITests.xctest */,
			);
			name = Products;
			sourceTree = "<group>";
		};
		78511C9A237FAED600402104 /* CubicWeightCalculator */ = {
			isa = PBXGroup;
			children = (
				78511C9B237FAED600402104 /* AppDelegate.swift */,
				78511C9D237FAED600402104 /* ViewController.swift */,
				78511C9F237FAED600402104 /* Main.storyboard */,
				78511CA2237FAEDC00402104 /* Assets.xcassets */,
				78511CA4237FAEDC00402104 /* LaunchScreen.storyboard */,
				78511CA7237FAEDD00402104 /* Info.plist */,
			);
			path = CubicWeightCalculator;
			sourceTree = "<group>";
		};
		78511CAF237FAEDD00402104 /* CubicWeightCalculatorTests */ = {
			isa = PBXGroup;
			children = (
				78511CB0237FAEDD00402104 /* CubicWeightCalculatorTests.swift */,
				78511CB2237FAEDD00402104 /* Info.plist */,
			);
			path = CubicWeightCalculatorTests;
			sourceTree = "<group>";
		};
		78511CBA237FAEDD00402104 /* CubicWeightCalculatorUITests */ = {
			isa = PBXGroup;
			children = (
				78511CBB237FAEDD00402104 /* CubicWeightCalculatorUITests.swift */,
				78511CBD237FAEDD00402104 /* Info.plist */,
			);
			path = CubicWeightCalculatorUITests;
			sourceTree = "<group>";
		};
/* End PBXGroup section */

/* Begin PBXNativeTarget section */
		78511C97237FAED600402104 /* CubicWeightCalculator */ = {
			isa = PBXNativeTarget;
			buildConfigurationList = 78511CC0237FAEDD00402104 /* Build configuration list for PBXNativeTarget "CubicWeightCalculator" */;
			buildPhases = (
				78511C94237FAED600402104 /* Sources */,
				78511C95237FAED600402104 /* Frameworks */,
				78511C96237FAED600402104 /* Resources */,
			);
			buildRules = (
			);
			dependencies = (
			);
			name = CubicWeightCalculator;
			productName = CubicWeightCalculator;
			productReference = 78511C98237FAED600402104 /* CubicWeightCalculator.app */;
			productType = "com.apple.product-type.application";
		};
		78511CAB237FAEDD00402104 /* CubicWeightCalculatorTests */ = {
			isa = PBXNativeTarget;
			buildConfigurationList = 78511CC3237FAEDD00402104 /* Build configuration list for PBXNativeTarget "CubicWeightCalculatorTests" */;
			buildPhases = (
				78511CA8237FAEDD00402104 /* Sources */,
				78511CA9237FAEDD00402104 /* Frameworks */,
				78511CAA237FAEDD00402104 /* Resources */,
			);
			buildRules = (
			);
			dependencies = (
				78511CAE237FAEDD00402104 /* PBXTargetDependency */,
			);
			name = CubicWeightCalculatorTests;
			productName = CubicWeightCalculatorTests;
			productReference = 78511CAC237FAEDD00402104 /* CubicWeightCalculatorTests.xctest */;
			productType = "com.apple.product-type.bundle.unit-test";
		};
		78511CB6237FAEDD00402104 /* CubicWeightCalculatorUITests */ = {
			isa = PBXNativeTarget;
			buildConfigurationList = 78511CC6237FAEDD00402104 /* Build configuration list for PBXNativeTarget "CubicWeightCalculatorUITests" */;
			buildPhases = (
				78511CB3237FAEDD00402104 /* Sources */,
				78511CB4237FAEDD00402104 /* Frameworks */,
				78511CB5237FAEDD00402104 /* Resources */,
			);
			buildRules = (
			);
			dependencies = (
				78511CB9237FAEDD00402104 /* PBXTargetDependency */,
			);
			name = CubicWeightCalculatorUITests;
			productName = CubicWeightCalculatorUITests;
			productReference = 78511CB7237FAEDD00402104 /* CubicWeightCalculatorUITests.xctest */;
			productType = "com.apple.product-type.bundle.ui-testing";
		};
/* End PBXNativeTarget section */

/* Begin PBXProject section */
		78511C90237FAED600402104 /* Project object */ = {
			isa = PBXProject;
			attributes = {
				LastSwiftUpdateCheck = 1030;
				LastUpgradeCheck = 1030;
				ORGANIZATIONNAME = com.nafisa;
				TargetAttributes = {
					78511C97237FAED600402104 = {
						CreatedOnToolsVersion = 10.3;
					};
					78511CAB237FAEDD00402104 = {
						CreatedOnToolsVersion = 10.3;
						TestTargetID = 78511C97237FAED600402104;
					};
					78511CB6237FAEDD00402104 = {
						CreatedOnToolsVersion = 10.3;
						TestTargetID = 78511C97237FAED600402104;
					};
				};
			};
			buildConfigurationList = 78511C93237FAED600402104 /* Build configuration list for PBXProject "CubicWeightCalculator" */;
			compatibilityVersion = "Xcode 9.3";
			developmentRegion = en;
			hasScannedForEncodings = 0;
			knownRegions = (
				en,
				Base,
			);
			mainGroup = 78511C8F237FAED600402104;
			productRefGroup = 78511C99237FAED600402104 /* Products */;
			projectDirPath = "";
			projectRoot = "";
			targets = (
				78511C97237FAED600402104 /* CubicWeightCalculator */,
				78511CAB237FAEDD00402104 /* CubicWeightCalculatorTests */,
				78511CB6237FAEDD00402104 /* CubicWeightCalculatorUITests */,
			);
		};
/* End PBXProject section */

/* Begin PBXResourcesBuildPhase section */
		78511C96237FAED600402104 /* Resources */ = {
			isa = PBXResourcesBuildPhase;
			buildActionMask = 2147483647;
			files = (
				78511CA6237FAEDC00402104 /* LaunchScreen.storyboard in Resources */,
				78511CA3237FAEDC00402104 /* Assets.xcassets in Resources */,
				78511CA1237FAED600402104 /* Main.storyboard in Resources */,
			);
			runOnlyForDeploymentPostprocessing = 0;
		};
		78511CAA237FAEDD00402104 /* Resources */ = {
			isa = PBXResourcesBuildPhase;
			buildActionMask = 2147483647;
			files = (
			);
			runOnlyForDeploymentPostprocessing = 0;
		};
		78511CB5237FAEDD00402104 /* Resources */ = {
			isa = PBXResourcesBuildPhase;
			buildActionMask = 2147483647;
			files = (
			);
			runOnlyForDeploymentPostprocessing = 0;
		};
/* End PBXResourcesBuildPhase section */

/* Begin PBXSourcesBuildPhase section */
		78511C94237FAED600402104 /* Sources */ = {
			isa = PBXSourcesBuildPhase;
			buildActionMask = 2147483647;
			files = (
				78511C9E237FAED600402104 /* ViewController.swift in Sources */,
				78511C9C237FAED600402104 /* AppDelegate.swift in Sources */,
			);
			runOnlyForDeploymentPostprocessing = 0;
		};
		78511CA8237FAEDD00402104 /* Sources */ = {
			isa = PBXSourcesBuildPhase;
			buildActionMask = 2147483647;
			files = (
				78511CB1237FAEDD00402104 /* CubicWeightCalculatorTests.swift in Sources */,
			);
			runOnlyForDeploymentPostprocessing = 0;
		};
		78511CB3237FAEDD00402104 /* Sources */ = {
			isa = PBXSourcesBuildPhase;
			buildActionMask = 2147483647;
			files = (
				78511CBC237FAEDD00402104 /* CubicWeightCalculatorUITests.swift in Sources */,
			);
			runOnlyForDeploymentPostprocessing = 0;
		};
/* End PBXSourcesBuildPhase section */

/* Begin PBXTargetDependency section */
		78511CAE237FAEDD00402104 /* PBXTargetDependency */ = {
			isa = PBXTargetDependency;
			target = 78511C97237FAED600402104 /* CubicWeightCalculator */;
			targetProxy = 78511CAD237FAEDD00402104 /* PBXContainerItemProxy */;
		};
		78511CB9237FAEDD00402104 /* PBXTargetDependency */ = {
			isa = PBXTargetDependency;
			target = 78511C97237FAED600402104 /* CubicWeightCalculator */;
			targetProxy = 78511CB8237FAEDD00402104 /* PBXContainerItemProxy */;
		};
/* End PBXTargetDependency section */

/* Begin PBXVariantGroup section */
		78511C9F237FAED600402104 /* Main.storyboard */ = {
			isa = PBXVariantGroup;
			children = (
				78511CA0237FAED600402104 /* Base */,
			);
			name = Main.storyboard;
			sourceTree = "<group>";
		};
		78511CA4237FAEDC00402104 /* LaunchScreen.storyboard */ = {
			isa = PBXVariantGroup;
			children = (
				78511CA5237FAEDC00402104 /* Base */,
			);
			name = LaunchScreen.storyboard;
			sourceTree = "<group>";
		};
/* End PBXVariantGroup section */

/* Begin XCBuildConfiguration section */
		78511CBE237FAEDD00402104 /* Debug */ = {
			isa = XCBuildConfiguration;
			buildSettings = {
				ALWAYS_SEARCH_USER_PATHS = NO;
				CLANG_ANALYZER_NONNULL = YES;
				CLANG_ANALYZER_NUMBER_OBJECT_CONVERSION = YES_AGGRESSIVE;
				CLANG_CXX_LANGUAGE_STANDARD = "gnu++14";
				CLANG_CXX_LIBRARY = "libc++";
				CLANG_ENABLE_MODULES = YES;
				CLANG_ENABLE_OBJC_ARC = YES;
				CLANG_ENABLE_OBJC_WEAK = YES;
				CLANG_WARN_BLOCK_CAPTURE_AUTORELEASING = YES;
				CLANG_WARN_BOOL_CONVERSION = YES;
				CLANG_WARN_COMMA = YES;
				CLANG_WARN_CONSTANT_CONVERSION = YES;
				CLANG_WARN_DEPRECATED_OBJC_IMPLEMENTATIONS = YES;
				CLANG_WARN_DIRECT_OBJC_ISA_USAGE = YES_ERROR;
				CLANG_WARN_DOCUMENTATION_COMMENTS = YES;
				CLANG_WARN_EMPTY_BODY = YES;
				CLANG_WARN_ENUM_CONVERSION = YES;
				CLANG_WARN_INFINITE_RECURSION = YES;
				CLANG_WARN_INT_CONVERSION = YES;
				CLANG_WARN_NON_LITERAL_NULL_CONVERSION = YES;
				CLANG_WARN_OBJC_IMPLICIT_RETAIN_SELF = YES;
				CLANG_WARN_OBJC_LITERAL_CONVERSION = YES;
				CLANG_WARN_OBJC_ROOT_CLASS = YES_ERROR;
				CLANG_WARN_RANGE_LOOP_ANALYSIS = YES;
				CLANG_WARN_STRICT_PROTOTYPES = YES;
				CLANG_WARN_SUSPICIOUS_MOVE = YES;
				CLANG_WARN_UNGUARDED_AVAILABILITY = YES_AGGRESSIVE;
				CLANG_WARN_UNREACHABLE_CODE = YES;
				CLANG_WARN__DUPLICATE_METHOD_MATCH = YES;
				CODE_SIGN_IDENTITY = "iPhone Developer";
				COPY_PHASE_STRIP = NO;
				DEBUG_INFORMATION_FORMAT = dwarf;
				ENABLE_STRICT_OBJC_MSGSEND = YES;
				ENABLE_TESTABILITY = YES;
				GCC_C_LANGUAGE_STANDARD = gnu11;
				GCC_DYNAMIC_NO_PIC = NO;
				GCC_NO_COMMON_BLOCKS = YES;
				GCC_OPTIMIZATION_LEVEL = 0;
				GCC_PREPROCESSOR_DEFINITIONS = (
					"DEBUG=1",
					"$(inherited)",
				);
				GCC_WARN_64_TO_32_BIT_CONVERSION = YES;
				GCC_WARN_ABOUT_RETURN_TYPE = YES_ERROR;
				GCC_WARN_UNDECLARED_SELECTOR = YES;
				GCC_WARN_UNINITIALIZED_AUTOS = YES_AGGRESSIVE;
				GCC_WARN_UNUSED_FUNCTION = YES;
				GCC_WARN_UNUSED_VARIABLE = YES;
				IPHONEOS_DEPLOYMENT_TARGET = 12.4;
				MTL_ENABLE_DEBUG_INFO = INCLUDE_SOURCE;
				MTL_FAST_MATH = YES;
				ONLY_ACTIVE_ARCH = YES;
				SDKROOT = iphoneos;
				SWIFT_ACTIVE_COMPILATION_CONDITIONS = DEBUG;
				SWIFT_OPTIMIZATION_LEVEL = "-Onone";
			};
			name = Debug;
		};
		78511CBF237FAEDD00402104 /* Release */ = {
			isa = XCBuildConfiguration;
			buildSettings = {
				ALWAYS_SEARCH_USER_PATHS = NO;
				CLANG_ANALYZER_NONNULL = YES;
				CLANG_ANALYZER_NUMBER_OBJECT_CONVERSION = YES_AGGRESSIVE;
				CLANG_CXX_LANGUAGE_STANDARD = "gnu++14";
				CLANG_CXX_LIBRARY = "libc++";
				CLANG_ENABLE_MODULES = YES;
				CLANG_ENABLE_OBJC_ARC = YES;
				CLANG_ENABLE_OBJC_WEAK = YES;
				CLANG_WARN_BLOCK_CAPTURE_AUTORELEASING = YES;
				CLANG_WARN_BOOL_CONVERSION = YES;
				CLANG_WARN_COMMA = YES;
				CLANG_WARN_CONSTANT_CONVERSION = YES;
				CLANG_WARN_DEPRECATED_OBJC_IMPLEMENTATIONS = YES;
				CLANG_WARN_DIRECT_OBJC_ISA_USAGE = YES_ERROR;
				CLANG_WARN_DOCUMENTATION_COMMENTS = YES;
				CLANG_WARN_EMPTY_BODY = YES;
				CLANG_WARN_ENUM_CONVERSION = YES;
				CLANG_WARN_INFINITE_RECURSION = YES;
				CLANG_WARN_INT_CONVERSION = YES;
				CLANG_WARN_NON_LITERAL_NULL_CONVERSION = YES;
				CLANG_WARN_OBJC_IMPLICIT_RETAIN_SELF = YES;
				CLANG_WARN_OBJC_LITERAL_CONVERSION = YES;
				CLANG_WARN_OBJC_ROOT_CLASS = YES_ERROR;
				CLANG_WARN_RANGE_LOOP_ANALYSIS = YES;
				CLANG_WARN_STRICT_PROTOTYPES = YES;
				CLANG_WARN_SUSPICIOUS_MOVE = YES;
				CLANG_WARN_UNGUARDED_AVAILABILITY = YES_AGGRESSIVE;
				CLANG_WARN_UNREACHABLE_CODE = YES;
				CLANG_WARN__DUPLICATE_METHOD_MATCH = YES;
				CODE_SIGN_IDENTITY = "iPhone Developer";
				COPY_PHASE_STRIP = NO;
				DEBUG_INFORMATION_FORMAT = "dwarf-with-dsym";
				ENABLE_NS_ASSERTIONS = NO;
				ENABLE_STRICT_OBJC_MSGSEND = YES;
				GCC_C_LANGUAGE_STANDARD = gnu11;
				GCC_NO_COMMON_BLOCKS = YES;
				GCC_WARN_64_TO_32_BIT_CONVERSION = YES;
				GCC_WARN_ABOUT_RETURN_TYPE = YES_ERROR;
				GCC_WARN_UNDECLARED_SELECTOR = YES;
				GCC_WARN_UNINITIALIZED_AUTOS = YES_AGGRESSIVE;
				GCC_WARN_UNUSED_FUNCTION = YES;
				GCC_WARN_UNUSED_VARIABLE = YES;
				IPHONEOS_DEPLOYMENT_TARGET = 12.4;
				MTL_ENABLE_DEBUG_INFO = NO;
				MTL_FAST_MATH = YES;
				SDKROOT = iphoneos;
				SWIFT_COMPILATION_MODE = wholemodule;
				SWIFT_OPTIMIZATION_LEVEL = "-O";
				VALIDATE_PRODUCT = YES;
			};
			name = Release;
		};
		78511CC1237FAEDD00402104 /* Debug */ = {
			isa = XCBuildConfiguration;
			buildSettings = {
				ASSETCATALOG_COMPILER_APPICON_NAME = AppIcon;
				CODE_SIGN_STYLE = Automatic;
				DEVELOPMENT_TEAM = 42KMS8LBB5;
				INFOPLIST_FILE = CubicWeightCalculator/Info.plist;
				LD_RUNPATH_SEARCH_PATHS = (
					"$(inherited)",
					"@executable_path/Frameworks",
				);
				PRODUCT_BUNDLE_IDENTIFIER = com.nafisa.CubicWeightCalculator;
				PRODUCT_NAME = "$(TARGET_NAME)";
				SWIFT_VERSION = 5.0;
				TARGETED_DEVICE_FAMILY = "1,2";
			};
			name = Debug;
		};
		78511CC2237FAEDD00402104 /* Release */ = {
			isa = XCBuildConfiguration;
			buildSettings = {
				ASSETCATALOG_COMPILER_APPICON_NAME = AppIcon;
				CODE_SIGN_STYLE = Automatic;
				DEVELOPMENT_TEAM = 42KMS8LBB5;
				INFOPLIST_FILE = CubicWeightCalculator/Info.plist;
				LD_RUNPATH_SEARCH_PATHS = (
					"$(inherited)",
					"@executable_path/Frameworks",
				);
				PRODUCT_BUNDLE_IDENTIFIER = com.nafisa.CubicWeightCalculator;
				PRODUCT_NAME = "$(TARGET_NAME)";
				SWIFT_VERSION = 5.0;
				TARGETED_DEVICE_FAMILY = "1,2";
			};
			name = Release;
		};
		78511CC4237FAEDD00402104 /* Debug */ = {
			isa = XCBuildConfiguration;
			buildSettings = {
				ALWAYS_EMBED_SWIFT_STANDARD_LIBRARIES = YES;
				BUNDLE_LOADER = "$(TEST_HOST)";
				CODE_SIGN_STYLE = Automatic;
				DEVELOPMENT_TEAM = 42KMS8LBB5;
				INFOPLIST_FILE = CubicWeightCalculatorTests/Info.plist;
				LD_RUNPATH_SEARCH_PATHS = (
					"$(inherited)",
					"@executable_path/Frameworks",
					"@loader_path/Frameworks",
				);
				PRODUCT_BUNDLE_IDENTIFIER = com.nafisa.CubicWeightCalculatorTests;
				PRODUCT_NAME = "$(TARGET_NAME)";
				SWIFT_VERSION = 5.0;
				TARGETED_DEVICE_FAMILY = "1,2";
				TEST_HOST = "$(BUILT_PRODUCTS_DIR)/CubicWeightCalculator.app/CubicWeightCalculator";
			};
			name = Debug;
		};
		78511CC5237FAEDD00402104 /* Release */ = {
			isa = XCBuildConfiguration;
			buildSettings = {
				ALWAYS_EMBED_SWIFT_STANDARD_LIBRARIES = YES;
				BUNDLE_LOADER = "$(TEST_HOST)";
				CODE_SIGN_STYLE = Automatic;
				DEVELOPMENT_TEAM = 42KMS8LBB5;
				INFOPLIST_FILE = CubicWeightCalculatorTests/Info.plist;
				LD_RUNPATH_SEARCH_PATHS = (
					"$(inherited)",
					"@executable_path/Frameworks",
					"@loader_path/Frameworks",
				);
				PRODUCT_BUNDLE_IDENTIFIER = com.nafisa.CubicWeightCalculatorTests;
				PRODUCT_NAME = "$(TARGET_NAME)";
				SWIFT_VERSION = 5.0;
				TARGETED_DEVICE_FAMILY = "1,2";
				TEST_HOST = "$(BUILT_PRODUCTS_DIR)/CubicWeightCalculator.app/CubicWeightCalculator";
			};
			name = Release;
		};
		78511CC7237FAEDD00402104 /* Debug */ = {
			isa = XCBuildConfiguration;
			buildSettings = {
				ALWAYS_EMBED_SWIFT_STANDARD_LIBRARIES = YES;
				CODE_SIGN_STYLE = Automatic;
				DEVELOPMENT_TEAM = 42KMS8LBB5;
				INFOPLIST_FILE = CubicWeightCalculatorUITests/Info.plist;
				LD_RUNPATH_SEARCH_PATHS = (
					"$(inherited)",
					"@executable_path/Frameworks",
					"@loader_path/Frameworks",
				);
				PRODUCT_BUNDLE_IDENTIFIER = com.nafisa.CubicWeightCalculatorUITests;
				PRODUCT_NAME = "$(TARGET_NAME)";
				SWIFT_VERSION = 5.0;
				TARGETED_DEVICE_FAMILY = "1,2";
				TEST_TARGET_NAME = CubicWeightCalculator;
			};
			name = Debug;
		};
		78511CC8237FAEDD00402104 /* Release */ = {
			isa = XCBuildConfiguration;
			buildSettings = {
				ALWAYS_EMBED_SWIFT_STANDARD_LIBRARIES = YES;
				CODE_SIGN_STYLE = Automatic;
				DEVELOPMENT_TEAM = 42KMS8LBB5;
				INFOPLIST_FILE = CubicWeightCalculatorUITests/Info.plist;
				LD_RUNPATH_SEARCH_PATHS = (
					"$(inherited)",
					"@executable_path/Frameworks",
					"@loader_path/Frameworks",
				);
				PRODUCT_BUNDLE_IDENTIFIER = com.nafisa.CubicWeightCalculatorUITests;
				PRODUCT_NAME = "$(TARGET_NAME)";
				SWIFT_VERSION = 5.0;
				TARGETED_DEVICE_FAMILY = "1,2";
				TEST_TARGET_NAME = CubicWeightCalculator;
			};
			name = Release;
		};
/* End XCBuildConfiguration section */

/* Begin XCConfigurationList section */
		78511C93237FAED600402104 /* Build configuration list for PBXProject "CubicWeightCalculator" */ = {
			isa = XCConfigurationList;
			buildConfigurations = (
				78511CBE237FAEDD00402104 /* Debug */,
				78511CBF237FAEDD00402104 /* Release */,
			);
			defaultConfigurationIsVisible = 0;
			defaultConfigurationName = Release;
		};
		78511CC0237FAEDD00402104 /* Build configuration list for PBXNativeTarget "CubicWeightCalculator" */ = {
			isa = XCConfigurationList;
			buildConfigurations = (
				78511CC1237FAEDD00402104 /* Debug */,
				78511CC2237FAEDD00402104 /* Release */,
			);
			defaultConfigurationIsVisible = 0;
			defaultConfigurationName = Release;
		};
		78511CC3237FAEDD00402104 /* Build configuration list for PBXNativeTarget "CubicWeightCalculatorTests" */ = {
			isa = XCConfigurationList;
			buildConfigurations = (
				78511CC4237FAEDD00402104 /* Debug */,
				78511CC5237FAEDD00402104 /* Release */,
			);
			defaultConfigurationIsVisible = 0;
			defaultConfigurationName = Release;
		};
		78511CC6237FAEDD00402104 /* Build configuration list for PBXNativeTarget "CubicWeightCalculatorUITests" */ = {
			isa = XCConfigurationList;
			buildConfigurations = (
				78511CC7237FAEDD00402104 /* Debug */,
				78511CC8237FAEDD00402104 /* Release */,
			);
			defaultConfigurationIsVisible = 0;
			defaultConfigurationName = Release;
		};
/* End XCConfigurationList section */
	};
	rootObject = 78511C90237FAED600402104 /* Project object */;
}
